
Microsoft Visual Studio Solution File, Format Version 12.00
# Visual Studio Version 16
VisualStudioVersion = 16.0.31729.503
MinimumVisualStudioVersion = 10.0.40219.1
Project("{9A19103F-16F7-4668-BE54-9A1E7A4F7556}") = "ZmianaKontrastuMarekKawalski", "ZmianaKontrastuMarekKawalski\ZmianaKontrastuMarekKawalski.csproj", "{B48A40B0-3AC9-45FD-ADA5-D0E7AFEADD36}"
	ProjectSection(ProjectDependencies) = postProject
		{70EDB134-7ED8-4793-BC77-B7DBBB7B5B77} = {70EDB134-7ED8-4793-BC77-B7DBBB7B5B77}
		{10B019A1-E90B-4CC2-901D-92CB0F00B6A4} = {10B019A1-E90B-4CC2-901D-92CB0F00B6A4}
	EndProjectSection
EndProject
Project("{8BC9CEB8-8B4A-11D0-8D11-00A0C91BC942}") = "KontrastAsm", "KontrastAsm\KontrastAsm.vcxproj", "{70EDB134-7ED8-4793-BC77-B7DBBB7B5B77}"
EndProject
Project("{FAE04EC0-301F-11D3-BF4B-00C04F79EFBC}") = "KontrastCSharpDll", "KontrastCSharpDll\KontrastCSharpDll.csproj", "{10B019A1-E90B-4CC2-901D-92CB0F00B6A4}"
EndProject
Project("{8BC9CEB8-8B4A-11D0-8D11-00A0C91BC942}") = "KontrastCppDll", "KontrastCppDll\KontrastCppDll.vcxproj", "{8BDC2078-E3DA-4B97-BA22-789EC7CAE046}"
EndProject
Global
	GlobalSection(SolutionConfigurationPlatforms) = preSolution
		Debug|Any CPU = Debug|Any CPU
		Debug|ARM = Debug|ARM
		Debug|ARM64 = Debug|ARM64
		Debug|x64 = Debug|x64
		Debug|x86 = Debug|x86
		Release|Any CPU = Release|Any CPU
		Release|ARM = Release|ARM
		Release|ARM64 = Release|ARM64
		Release|x64 = Release|x64
		Release|x86 = Release|x86
	EndGlobalSection
	GlobalSection(ProjectConfigurationPlatforms) = postSolution
		{B48A40B0-3AC9-45FD-ADA5-D0E7AFEADD36}.Debug|Any CPU.ActiveCfg = Debug|Any CPU
		{B48A40B0-3AC9-45FD-ADA5-D0E7AFEADD36}.Debug|Any CPU.Build.0 = Debug|Any CPU
		{B48A40B0-3AC9-45FD-ADA5-D0E7AFEADD36}.Debug|ARM.ActiveCfg = Debug|Any CPU
		{B48A40B0-3AC9-45FD-ADA5-D0E7AFEADD36}.Debug|ARM.Build.0 = Debug|Any CPU
		{B48A40B0-3AC9-45FD-ADA5-D0E7AFEADD36}.Debug|ARM64.ActiveCfg = Debug|Any CPU
		{B48A40B0-3AC9-45FD-ADA5-D0E7AFEADD36}.Debug|ARM64.Build.0 = Debug|Any CPU
		{B48A40B0-3AC9-45FD-ADA5-D0E7AFEADD36}.Debug|x64.ActiveCfg = Debug|Any CPU
		{B48A40B0-3AC9-45FD-ADA5-D0E7AFEADD36}.Debug|x64.Build.0 = Debug|Any CPU
		{B48A40B0-3AC9-45FD-ADA5-D0E7AFEADD36}.Debug|x86.ActiveCfg = Debug|Any CPU
		{B48A40B0-3AC9-45FD-ADA5-D0E7AFEADD36}.Debug|x86.Build.0 = Debug|Any CPU
		{B48A40B0-3AC9-45FD-ADA5-D0E7AFEADD36}.Release|Any CPU.ActiveCfg = Release|Any CPU
		{B48A40B0-3AC9-45FD-ADA5-D0E7AFEADD36}.Release|Any CPU.Build.0 = Release|Any CPU
		{B48A40B0-3AC9-45FD-ADA5-D0E7AFEADD36}.Release|ARM.ActiveCfg = Release|Any CPU
		{B48A40B0-3AC9-45FD-ADA5-D0E7AFEADD36}.Release|ARM.Build.0 = Release|Any CPU
		{B48A40B0-3AC9-45FD-ADA5-D0E7AFEADD36}.Release|ARM64.ActiveCfg = Release|Any CPU
		{B48A40B0-3AC9-45FD-ADA5-D0E7AFEADD36}.Release|ARM64.Build.0 = Release|Any CPU
		{B48A40B0-3AC9-45FD-ADA5-D0E7AFEADD36}.Release|x64.ActiveCfg = Release|Any CPU
		{B48A40B0-3AC9-45FD-ADA5-D0E7AFEADD36}.Release|x64.Build.0 = Release|Any CPU
		{B48A40B0-3AC9-45FD-ADA5-D0E7AFEADD36}.Release|x86.ActiveCfg = Release|Any CPU
		{B48A40B0-3AC9-45FD-ADA5-D0E7AFEADD36}.Release|x86.Build.0 = Release|Any CPU
		{70EDB134-7ED8-4793-BC77-B7DBBB7B5B77}.Debug|Any CPU.ActiveCfg = Debug|Win32
		{70EDB134-7ED8-4793-BC77-B7DBBB7B5B77}.Debug|ARM.ActiveCfg = Debug|Win32
		{70EDB134-7ED8-4793-BC77-B7DBBB7B5B77}.Debug|ARM64.ActiveCfg = Debug|Win32
		{70EDB134-7ED8-4793-BC77-B7DBBB7B5B77}.Debug|x64.ActiveCfg = Debug|x64
		{70EDB134-7ED8-4793-BC77-B7DBBB7B5B77}.Debug|x64.Build.0 = Debug|x64
		{70EDB134-7ED8-4793-BC77-B7DBBB7B5B77}.Debug|x86.ActiveCfg = Debug|Win32
		{70EDB134-7ED8-4793-BC77-B7DBBB7B5B77}.Debug|x86.Build.0 = Debug|Win32
		{70EDB134-7ED8-4793-BC77-B7DBBB7B5B77}.Release|Any CPU.ActiveCfg = Release|Win32
		{70EDB134-7ED8-4793-BC77-B7DBBB7B5B77}.Release|ARM.ActiveCfg = Release|Win32
		{70EDB134-7ED8-4793-BC77-B7DBBB7B5B77}.Release|ARM64.ActiveCfg = Release|Win32
		{70EDB134-7ED8-4793-BC77-B7DBBB7B5B77}.Release|x64.ActiveCfg = Release|x64
		{70EDB134-7ED8-4793-BC77-B7DBBB7B5B77}.Release|x64.Build.0 = Release|x64
		{70EDB134-7ED8-4793-BC77-B7DBBB7B5B77}.Release|x86.ActiveCfg = Release|Win32
		{70EDB134-7ED8-4793-BC77-B7DBBB7B5B77}.Release|x86.Build.0 = Release|Win32
		{10B019A1-E90B-4CC2-901D-92CB0F00B6A4}.Debug|Any CPU.ActiveCfg = Debug|Any CPU
		{10B019A1-E90B-4CC2-901D-92CB0F00B6A4}.Debug|Any CPU.Build.0 = Debug|Any CPU
		{10B019A1-E90B-4CC2-901D-92CB0F00B6A4}.Debug|ARM.ActiveCfg = Debug|Any CPU
		{10B019A1-E90B-4CC2-901D-92CB0F00B6A4}.Debug|ARM.Build.0 = Debug|Any CPU
		{10B019A1-E90B-4CC2-901D-92CB0F00B6A4}.Debug|ARM64.ActiveCfg = Debug|Any CPU
		{10B019A1-E90B-4CC2-901D-92CB0F00B6A4}.Debug|ARM64.Build.0 = Debug|Any CPU
		{10B019A1-E90B-4CC2-901D-92CB0F00B6A4}.Debug|x64.ActiveCfg = Debug|Any CPU
		{10B019A1-E90B-4CC2-901D-92CB0F00B6A4}.Debug|x64.Build.0 = Debug|Any CPU
		{10B019A1-E90B-4CC2-901D-92CB0F00B6A4}.Debug|x86.ActiveCfg = Debug|Any CPU
		{10B019A1-E90B-4CC2-901D-92CB0F00B6A4}.Debug|x86.Build.0 = Debug|Any CPU
		{10B019A1-E90B-4CC2-901D-92CB0F00B6A4}.Release|Any CPU.ActiveCfg = Release|Any CPU
		{10B019A1-E90B-4CC2-901D-92CB0F00B6A4}.Release|Any CPU.Build.0 = Release|Any CPU
		{10B019A1-E90B-4CC2-901D-92CB0F00B6A4}.Release|ARM.ActiveCfg = Release|Any CPU
		{10B019A1-E90B-4CC2-901D-92CB0F00B6A4}.Release|ARM.Build.0 = Release|Any CPU
		{10B019A1-E90B-4CC2-901D-92CB0F00B6A4}.Release|ARM64.ActiveCfg = Release|Any CPU
		{10B019A1-E90B-4CC2-901D-92CB0F00B6A4}.Release|ARM64.Build.0 = Release|Any CPU
		{10B019A1-E90B-4CC2-901D-92CB0F00B6A4}.Release|x64.ActiveCfg = Release|Any CPU
		{10B019A1-E90B-4CC2-901D-92CB0F00B6A4}.Release|x64.Build.0 = Release|Any CPU
		{10B019A1-E90B-4CC2-901D-92CB0F00B6A4}.Release|x86.ActiveCfg = Release|Any CPU
		{10B019A1-E90B-4CC2-901D-92CB0F00B6A4}.Release|x86.Build.0 = Release|Any CPU
		{8BDC2078-E3DA-4B97-BA22-789EC7CAE046}.Debug|Any CPU.ActiveCfg = Debug|Win32
		{8BDC2078-E3DA-4B97-BA22-789EC7CAE046}.Debug|ARM.ActiveCfg = Debug|Win32
		{8BDC2078-E3DA-4B97-BA22-789EC7CAE046}.Debug|ARM64.ActiveCfg = Debug|Win32
		{8BDC2078-E3DA-4B97-BA22-789EC7CAE046}.Debug|x64.ActiveCfg = Debug|x64
		{8BDC2078-E3DA-4B97-BA22-789EC7CAE046}.Debug|x64.Build.0 = Debug|x64
		{8BDC2078-E3DA-4B97-BA22-789EC7CAE046}.Debug|x86.ActiveCfg = Debug|Win32
		{8BDC2078-E3DA-4B97-BA22-789EC7CAE046}.Debug|x86.Build.0 = Debug|Win32
		{8BDC2078-E3DA-4B97-BA22-789EC7CAE046}.Release|Any CPU.ActiveCfg = Release|Win32
		{8BDC2078-E3DA-4B97-BA22-789EC7CAE046}.Release|ARM.ActiveCfg = Release|Win32
		{8BDC2078-E3DA-4B97-BA22-789EC7CAE046}.Release|ARM64.ActiveCfg = Release|Win32
		{8BDC2078-E3DA-4B97-BA22-789EC7CAE046}.Release|x64.ActiveCfg = Release|x64
		{8BDC2078-E3DA-4B97-BA22-789EC7CAE046}.Release|x64.Build.0 = Release|x64
		{8BDC2078-E3DA-4B97-BA22-789EC7CAE046}.Release|x86.ActiveCfg = Release|Win32
		{8BDC2078-E3DA-4B97-BA22-789EC7CAE046}.Release|x86.Build.0 = Release|Win32
	EndGlobalSection
	GlobalSection(SolutionProperties) = preSolution
		HideSolutionNode = FALSE
	EndGlobalSection
	GlobalSection(ExtensibilityGlobals) = postSolution
		SolutionGuid = {DC505A49-819C-4DA4-9F57-7B40E8CE965F}
	EndGlobalSection
EndGlobal
